// !$*UTF8*$!
{
	archiveVersion = 1;
	classes = {
	};
	objectVersion = 56;
	objects = {

/* Begin PBXBuildFile section */
		7756DA582A3F19C5003EA58D /* LoginView.swift in Sources */ = {isa = PBXBuildFile; fileRef = 7756DA572A3F19C5003EA58D /* LoginView.swift */; };
		7756DA5B2A3F2FDA003EA58D /* FontStyles.swift in Sources */ = {isa = PBXBuildFile; fileRef = 7756DA5A2A3F2FDA003EA58D /* FontStyles.swift */; };
		7756DA5E2A3F2FF0003EA58D /* Blinker-Regular.ttf in Resources */ = {isa = PBXBuildFile; fileRef = 7756DA5C2A3F2FF0003EA58D /* Blinker-Regular.ttf */; };
		7756DA5F2A3F2FF0003EA58D /* Blinker-SemiBold.ttf in Resources */ = {isa = PBXBuildFile; fileRef = 7756DA5D2A3F2FF0003EA58D /* Blinker-SemiBold.ttf */; };
		7756DA612A3F4BD9003EA58D /* Lesson_1.swift in Sources */ = {isa = PBXBuildFile; fileRef = 7756DA602A3F4BD9003EA58D /* Lesson_1.swift */; };
		7764E48F2A3F72A500771959 /* Lesson_3.swift in Sources */ = {isa = PBXBuildFile; fileRef = 7764E48E2A3F72A500771959 /* Lesson_3.swift */; };
		779C40D42A4069110068523A /* WarGameView.swift in Sources */ = {isa = PBXBuildFile; fileRef = 779C40D32A4069110068523A /* WarGameView.swift */; };
		77AEC3D32A3E95F800F55D97 /* Learn_UIApp.swift in Sources */ = {isa = PBXBuildFile; fileRef = 77AEC3D22A3E95F800F55D97 /* Learn_UIApp.swift */; };
		77AEC3D52A3E95F800F55D97 /* ContentView.swift in Sources */ = {isa = PBXBuildFile; fileRef = 77AEC3D42A3E95F800F55D97 /* ContentView.swift */; };
		77AEC3D72A3E960600F55D97 /* Assets.xcassets in Resources */ = {isa = PBXBuildFile; fileRef = 77AEC3D62A3E960600F55D97 /* Assets.xcassets */; };
		77AEC3DB2A3E961000F55D97 /* Preview Assets.xcassets in Resources */ = {isa = PBXBuildFile; fileRef = 77AEC3DA2A3E961000F55D97 /* Preview Assets.xcassets */; };
/* End PBXBuildFile section */

/* Begin PBXFileReference section */
		7756DA572A3F19C5003EA58D /* LoginView.swift */ = {isa = PBXFileReference; lastKnownFileType = sourcecode.swift; path = LoginView.swift; sourceTree = "<group>"; };
		7756DA5A2A3F2FDA003EA58D /* FontStyles.swift */ = {isa = PBXFileReference; lastKnownFileType = sourcecode.swift; path = FontStyles.swift; sourceTree = "<group>"; };
		7756DA5C2A3F2FF0003EA58D /* Blinker-Regular.ttf */ = {isa = PBXFileReference; lastKnownFileType = file; path = "Blinker-Regular.ttf"; sourceTree = "<group>"; };
		7756DA5D2A3F2FF0003EA58D /* Blinker-SemiBold.ttf */ = {isa = PBXFileReference; lastKnownFileType = file; path = "Blinker-SemiBold.ttf"; sourceTree = "<group>"; };
		7756DA602A3F4BD9003EA58D /* Lesson_1.swift */ = {isa = PBXFileReference; lastKnownFileType = sourcecode.swift; path = Lesson_1.swift; sourceTree = "<group>"; };
		7764E48E2A3F72A500771959 /* Lesson_3.swift */ = {isa = PBXFileReference; lastKnownFileType = sourcecode.swift; path = Lesson_3.swift; sourceTree = "<group>"; };
		779C40D32A4069110068523A /* WarGameView.swift */ = {isa = PBXFileReference; lastKnownFileType = sourcecode.swift; path = WarGameView.swift; sourceTree = "<group>"; };
		77AEC3CF2A3E95F500F55D97 /* Learn UI.app */ = {isa = PBXFileReference; explicitFileType = wrapper.application; includeInIndex = 0; path = "Learn UI.app"; sourceTree = BUILT_PRODUCTS_DIR; };
		77AEC3D22A3E95F800F55D97 /* Learn_UIApp.swift */ = {isa = PBXFileReference; lastKnownFileType = sourcecode.swift; path = Learn_UIApp.swift; sourceTree = "<group>"; };
		77AEC3D42A3E95F800F55D97 /* ContentView.swift */ = {isa = PBXFileReference; lastKnownFileType = sourcecode.swift; path = ContentView.swift; sourceTree = "<group>"; };
		77AEC3D62A3E960600F55D97 /* Assets.xcassets */ = {isa = PBXFileReference; lastKnownFileType = folder.assetcatalog; path = Assets.xcassets; sourceTree = "<group>"; };
		77AEC3D82A3E960600F55D97 /* Learn_UI.entitlements */ = {isa = PBXFileReference; lastKnownFileType = text.plist.entitlements; path = Learn_UI.entitlements; sourceTree = "<group>"; };
		77AEC3DA2A3E961000F55D97 /* Preview Assets.xcassets */ = {isa = PBXFileReference; lastKnownFileType = folder.assetcatalog; path = "Preview Assets.xcassets"; sourceTree = "<group>"; };
/* End PBXFileReference section */

/* Begin PBXFrameworksBuildPhase section */
		77AEC3CC2A3E95F500F55D97 /* Frameworks */ = {
			isa = PBXFrameworksBuildPhase;
			buildActionMask = 2147483647;
			files = (
			);
			runOnlyForDeploymentPostprocessing = 0;
		};
/* End PBXFrameworksBuildPhase section */

/* Begin PBXGroup section */
		7756DA562A3F19B6003EA58D /* Views */ = {
			isa = PBXGroup;
			children = (
				7756DA572A3F19C5003EA58D /* LoginView.swift */,
				7756DA602A3F4BD9003EA58D /* Lesson_1.swift */,
				7764E48E2A3F72A500771959 /* Lesson_3.swift */,
			);
			path = Views;
			sourceTree = "<group>";
		};
		7756DA592A3F2F99003EA58D /* Fonts */ = {
			isa = PBXGroup;
			children = (
				7756DA5C2A3F2FF0003EA58D /* Blinker-Regular.ttf */,
				7756DA5D2A3F2FF0003EA58D /* Blinker-SemiBold.ttf */,
			);
			path = Fonts;
			sourceTree = "<group>";
		};
		779C40D52A40691A0068523A /* War Game */ = {
			isa = PBXGroup;
			children = (
				779C40D32A4069110068523A /* WarGameView.swift */,
			);
			path = "War Game";
			sourceTree = "<group>";
		};
		77AEC3C62A3E95F500F55D97 = {
			isa = PBXGroup;
			children = (
				77AEC3D12A3E95F800F55D97 /* Learn UI */,
				77AEC3D02A3E95F500F55D97 /* Products */,
			);
			sourceTree = "<group>";
		};
		77AEC3D02A3E95F500F55D97 /* Products */ = {
			isa = PBXGroup;
			children = (
				77AEC3CF2A3E95F500F55D97 /* Learn UI.app */,
			);
			name = Products;
			sourceTree = "<group>";
		};
		77AEC3D12A3E95F800F55D97 /* Learn UI */ = {
			isa = PBXGroup;
			children = (
				779C40D52A40691A0068523A /* War Game */,
				7756DA592A3F2F99003EA58D /* Fonts */,
				7756DA562A3F19B6003EA58D /* Views */,
				77AEC3D22A3E95F800F55D97 /* Learn_UIApp.swift */,
				77AEC3D42A3E95F800F55D97 /* ContentView.swift */,
				77AEC3D62A3E960600F55D97 /* Assets.xcassets */,
				77AEC3D82A3E960600F55D97 /* Learn_UI.entitlements */,
				77AEC3D92A3E961000F55D97 /* Preview Content */,
				7756DA5A2A3F2FDA003EA58D /* FontStyles.swift */,
			);
			path = "Learn UI";
			sourceTree = "<group>";
		};
		77AEC3D92A3E961000F55D97 /* Preview Content */ = {
			isa = PBXGroup;
			children = (
				77AEC3DA2A3E961000F55D97 /* Preview Assets.xcassets */,
			);
			path = "Preview Content";
			sourceTree = "<group>";
		};
/* End PBXGroup section */

/* Begin PBXNativeTarget section */
		77AEC3CE2A3E95F500F55D97 /* Learn UI */ = {
			isa = PBXNativeTarget;
			buildConfigurationList = 77AEC3DE2A3E961000F55D97 /* Build configuration list for PBXNativeTarget "Learn UI" */;
			buildPhases = (
				77AEC3CB2A3E95F500F55D97 /* Sources */,
				77AEC3CC2A3E95F500F55D97 /* Frameworks */,
				77AEC3CD2A3E95F500F55D97 /* Resources */,
			);
			buildRules = (
			);
			dependencies = (
			);
			name = "Learn UI";
			productName = "Learn UI";
			productReference = 77AEC3CF2A3E95F500F55D97 /* Learn UI.app */;
			productType = "com.apple.product-type.application";
		};
/* End PBXNativeTarget section */

/* Begin PBXProject section */
		77AEC3C72A3E95F500F55D97 /* Project object */ = {
			isa = PBXProject;
			attributes = {
				BuildIndependentTargetsInParallel = 1;
				LastSwiftUpdateCheck = 1400;
				LastUpgradeCheck = 1400;
				TargetAttributes = {
					77AEC3CE2A3E95F500F55D97 = {
						CreatedOnToolsVersion = 14.0;
					};
				};
			};
			buildConfigurationList = 77AEC3CA2A3E95F500F55D97 /* Build configuration list for PBXProject "Learn UI" */;
			compatibilityVersion = "Xcode 14.0";
			developmentRegion = en;
			hasScannedForEncodings = 0;
			knownRegions = (
				en,
				Base,
			);
			mainGroup = 77AEC3C62A3E95F500F55D97;
			productRefGroup = 77AEC3D02A3E95F500F55D97 /* Products */;
			projectDirPath = "";
			projectRoot = "";
			targets = (
				77AEC3CE2A3E95F500F55D97 /* Learn UI */,
			);
		};
/* End PBXProject section */

/* Begin PBXResourcesBuildPhase section */
		77AEC3CD2A3E95F500F55D97 /* Resources */ = {
			isa = PBXResourcesBuildPhase;
			buildActionMask = 2147483647;
			files = (
				77AEC3DB2A3E961000F55D97 /* Preview Assets.xcassets in Resources */,
				77AEC3D72A3E960600F55D97 /* Assets.xcassets in Resources */,
				7756DA5E2A3F2FF0003EA58D /* Blinker-Regular.ttf in Resources */,
				7756DA5F2A3F2FF0003EA58D /* Blinker-SemiBold.ttf in Resources */,
			);
			runOnlyForDeploymentPostprocessing = 0;
		};
/* End PBXResourcesBuildPhase section */

/* Begin PBXSourcesBuildPhase section */
		77AEC3CB2A3E95F500F55D97 /* Sources */ = {
			isa = PBXSourcesBuildPhase;
			buildActionMask = 2147483647;
			files = (
				7756DA612A3F4BD9003EA58D /* Lesson_1.swift in Sources */,
				779C40D42A4069110068523A /* WarGameView.swift in Sources */,
				7764E48F2A3F72A500771959 /* Lesson_3.swift in Sources */,
				7756DA582A3F19C5003EA58D /* LoginView.swift in Sources */,
				77AEC3D52A3E95F800F55D97 /* ContentView.swift in Sources */,
				7756DA5B2A3F2FDA003EA58D /* FontStyles.swift in Sources */,
				77AEC3D32A3E95F800F55D97 /* Learn_UIApp.swift in Sources */,
			);
			runOnlyForDeploymentPostprocessing = 0;
		};
/* End PBXSourcesBuildPhase section */

/* Begin XCBuildConfiguration section */
		77AEC3DC2A3E961000F55D97 /* Debug */ = {
			isa = XCBuildConfiguration;
			buildSettings = {
				ALWAYS_SEARCH_USER_PATHS = NO;
				CLANG_ANALYZER_NONNULL = YES;
				CLANG_ANALYZER_NUMBER_OBJECT_CONVERSION = YES_AGGRESSIVE;
				CLANG_CXX_LANGUAGE_STANDARD = "gnu++20";
				CLANG_ENABLE_MODULES = YES;
				CLANG_ENABLE_OBJC_ARC = YES;
				CLANG_ENABLE_OBJC_WEAK = YES;
				CLANG_WARN_BLOCK_CAPTURE_AUTORELEASING = YES;
				CLANG_WARN_BOOL_CONVERSION = YES;
				CLANG_WARN_COMMA = YES;
				CLANG_WARN_CONSTANT_CONVERSION = YES;
				CLANG_WARN_DEPRECATED_OBJC_IMPLEMENTATIONS = YES;
				CLANG_WARN_DIRECT_OBJC_ISA_USAGE = YES_ERROR;
				CLANG_WARN_DOCUMENTATION_COMMENTS = YES;
				CLANG_WARN_EMPTY_BODY = YES;
				CLANG_WARN_ENUM_CONVERSION = YES;
				CLANG_WARN_INFINITE_RECURSION = YES;
				CLANG_WARN_INT_CONVERSION = YES;
				CLANG_WARN_NON_LITERAL_NULL_CONVERSION = YES;
				CLANG_WARN_OBJC_IMPLICIT_RETAIN_SELF = YES;
				CLANG_WARN_OBJC_LITERAL_CONVERSION = YES;
				CLANG_WARN_OBJC_ROOT_CLASS = YES_ERROR;
				CLANG_WARN_QUOTED_INCLUDE_IN_FRAMEWORK_HEADER = YES;
				CLANG_WARN_RANGE_LOOP_ANALYSIS = YES;
				CLANG_WARN_STRICT_PROTOTYPES = YES;
				CLANG_WARN_SUSPICIOUS_MOVE = YES;
				CLANG_WARN_UNGUARDED_AVAILABILITY = YES_AGGRESSIVE;
				CLANG_WARN_UNREACHABLE_CODE = YES;
				CLANG_WARN__DUPLICATE_METHOD_MATCH = YES;
				COPY_PHASE_STRIP = NO;
				DEBUG_INFORMATION_FORMAT = dwarf;
				ENABLE_STRICT_OBJC_MSGSEND = YES;
				ENABLE_TESTABILITY = YES;
				GCC_C_LANGUAGE_STANDARD = gnu11;
				GCC_DYNAMIC_NO_PIC = NO;
				GCC_NO_COMMON_BLOCKS = YES;
				GCC_OPTIMIZATION_LEVEL = 0;
				GCC_PREPROCESSOR_DEFINITIONS = (
					"DEBUG=1",
					"$(inherited)",
				);
				GCC_WARN_64_TO_32_BIT_CONVERSION = YES;
				GCC_WARN_ABOUT_RETURN_TYPE = YES_ERROR;
				GCC_WARN_UNDECLARED_SELECTOR = YES;
				GCC_WARN_UNINITIALIZED_AUTOS = YES_AGGRESSIVE;
				GCC_WARN_UNUSED_FUNCTION = YES;
				GCC_WARN_UNUSED_VARIABLE = YES;
				MTL_ENABLE_DEBUG_INFO = INCLUDE_SOURCE;
				MTL_FAST_MATH = YES;
				ONLY_ACTIVE_ARCH = YES;
				SWIFT_ACTIVE_COMPILATION_CONDITIONS = DEBUG;
				SWIFT_OPTIMIZATION_LEVEL = "-Onone";
			};
			name = Debug;
		};
		77AEC3DD2A3E961000F55D97 /* Release */ = {
			isa = XCBuildConfiguration;
			buildSettings = {
				ALWAYS_SEARCH_USER_PATHS = NO;
				CLANG_ANALYZER_NONNULL = YES;
				CLANG_ANALYZER_NUMBER_OBJECT_CONVERSION = YES_AGGRESSIVE;
				CLANG_CXX_LANGUAGE_STANDARD = "gnu++20";
				CLANG_ENABLE_MODULES = YES;
				CLANG_ENABLE_OBJC_ARC = YES;
				CLANG_ENABLE_OBJC_WEAK = YES;
				CLANG_WARN_BLOCK_CAPTURE_AUTORELEASING = YES;
				CLANG_WARN_BOOL_CONVERSION = YES;
				CLANG_WARN_COMMA = YES;
				CLANG_WARN_CONSTANT_CONVERSION = YES;
				CLANG_WARN_DEPRECATED_OBJC_IMPLEMENTATIONS = YES;
				CLANG_WARN_DIRECT_OBJC_ISA_USAGE = YES_ERROR;
				CLANG_WARN_DOCUMENTATION_COMMENTS = YES;
				CLANG_WARN_EMPTY_BODY = YES;
				CLANG_WARN_ENUM_CONVERSION = YES;
				CLANG_WARN_INFINITE_RECURSION = YES;
				CLANG_WARN_INT_CONVERSION = YES;
				CLANG_WARN_NON_LITERAL_NULL_CONVERSION = YES;
				CLANG_WARN_OBJC_IMPLICIT_RETAIN_SELF = YES;
				CLANG_WARN_OBJC_LITERAL_CONVERSION = YES;
				CLANG_WARN_OBJC_ROOT_CLASS = YES_ERROR;
				CLANG_WARN_QUOTED_INCLUDE_IN_FRAMEWORK_HEADER = YES;
				CLANG_WARN_RANGE_LOOP_ANALYSIS = YES;
				CLANG_WARN_STRICT_PROTOTYPES = YES;
				CLANG_WARN_SUSPICIOUS_MOVE = YES;
				CLANG_WARN_UNGUARDED_AVAILABILITY = YES_AGGRESSIVE;
				CLANG_WARN_UNREACHABLE_CODE = YES;
				CLANG_WARN__DUPLICATE_METHOD_MATCH = YES;
				COPY_PHASE_STRIP = NO;
				DEBUG_INFORMATION_FORMAT = "dwarf-with-dsym";
				ENABLE_NS_ASSERTIONS = NO;
				ENABLE_STRICT_OBJC_MSGSEND = YES;
				GCC_C_LANGUAGE_STANDARD = gnu11;
				GCC_NO_COMMON_BLOCKS = YES;
				GCC_WARN_64_TO_32_BIT_CONVERSION = YES;
				GCC_WARN_ABOUT_RETURN_TYPE = YES_ERROR;
				GCC_WARN_UNDECLARED_SELECTOR = YES;
				GCC_WARN_UNINITIALIZED_AUTOS = YES_AGGRESSIVE;
				GCC_WARN_UNUSED_FUNCTION = YES;
				GCC_WARN_UNUSED_VARIABLE = YES;
				MTL_ENABLE_DEBUG_INFO = NO;
				MTL_FAST_MATH = YES;
				SWIFT_COMPILATION_MODE = wholemodule;
				SWIFT_OPTIMIZATION_LEVEL = "-O";
			};
			name = Release;
		};
		77AEC3DF2A3E961000F55D97 /* Debug */ = {
			isa = XCBuildConfiguration;
			buildSettings = {
				ASSETCATALOG_COMPILER_APPICON_NAME = AppIcon;
				ASSETCATALOG_COMPILER_GLOBAL_ACCENT_COLOR_NAME = AccentColor;
				CODE_SIGN_ENTITLEMENTS = "Learn UI/Learn_UI.entitlements";
				CODE_SIGN_STYLE = Automatic;
				CURRENT_PROJECT_VERSION = 1;
				DEVELOPMENT_ASSET_PATHS = "\"Learn UI/Preview Content\"";
				DEVELOPMENT_TEAM = CAQ3L59HTS;
				ENABLE_HARDENED_RUNTIME = YES;
				ENABLE_PREVIEWS = YES;
				GENERATE_INFOPLIST_FILE = YES;
				"INFOPLIST_KEY_UIApplicationSceneManifest_Generation[sdk=iphoneos*]" = YES;
				"INFOPLIST_KEY_UIApplicationSceneManifest_Generation[sdk=iphonesimulator*]" = YES;
				"INFOPLIST_KEY_UIApplicationSupportsIndirectInputEvents[sdk=iphoneos*]" = YES;
				"INFOPLIST_KEY_UIApplicationSupportsIndirectInputEvents[sdk=iphonesimulator*]" = YES;
				"INFOPLIST_KEY_UILaunchScreen_Generation[sdk=iphoneos*]" = YES;
				"INFOPLIST_KEY_UILaunchScreen_Generation[sdk=iphonesimulator*]" = YES;
				"INFOPLIST_KEY_UIStatusBarStyle[sdk=iphoneos*]" = UIStatusBarStyleDefault;
				"INFOPLIST_KEY_UIStatusBarStyle[sdk=iphonesimulator*]" = UIStatusBarStyleDefault;
				INFOPLIST_KEY_UISupportedInterfaceOrientations_iPad = "UIInterfaceOrientationPortrait UIInterfaceOrientationPortraitUpsideDown UIInterfaceOrientationLandscapeLeft UIInterfaceOrientationLandscapeRight";
				INFOPLIST_KEY_UISupportedInterfaceOrientations_iPhone = "UIInterfaceOrientationPortrait UIInterfaceOrientationLandscapeLeft UIInterfaceOrientationLandscapeRight";
				IPHONEOS_DEPLOYMENT_TARGET = 16.0;
				LD_RUNPATH_SEARCH_PATHS = "@executable_path/Frameworks";
				"LD_RUNPATH_SEARCH_PATHS[sdk=macosx*]" = "@executable_path/../Frameworks";
				MACOSX_DEPLOYMENT_TARGET = 12.3;
				MARKETING_VERSION = 1.0;
				PRODUCT_BUNDLE_IDENTIFIER = "dinhonms.Learn-UI";
				PRODUCT_NAME = "$(TARGET_NAME)";
				SDKROOT = auto;
				SUPPORTED_PLATFORMS = "iphoneos iphonesimulator macosx";
				SWIFT_EMIT_LOC_STRINGS = YES;
				SWIFT_VERSION = 5.0;
				TARGETED_DEVICE_FAMILY = "1,2";
			};
			name = Debug;
		};
		77AEC3E02A3E961000F55D97 /* Release */ = {
			isa = XCBuildConfiguration;
			buildSettings = {
				ASSETCATALOG_COMPILER_APPICON_NAME = AppIcon;
				ASSETCATALOG_COMPILER_GLOBAL_ACCENT_COLOR_NAME = AccentColor;
				CODE_SIGN_ENTITLEMENTS = "Learn UI/Learn_UI.entitlements";
				CODE_SIGN_STYLE = Automatic;
				CURRENT_PROJECT_VERSION = 1;
				DEVELOPMENT_ASSET_PATHS = "\"Learn UI/Preview Content\"";
				DEVELOPMENT_TEAM = CAQ3L59HTS;
				ENABLE_HARDENED_RUNTIME = YES;
				ENABLE_PREVIEWS = YES;
				GENERATE_INFOPLIST_FILE = YES;
				"INFOPLIST_KEY_UIApplicationSceneManifest_Generation[sdk=iphoneos*]" = YES;
				"INFOPLIST_KEY_UIApplicationSceneManifest_Generation[sdk=iphonesimulator*]" = YES;
				"INFOPLIST_KEY_UIApplicationSupportsIndirectInputEvents[sdk=iphoneos*]" = YES;
				"INFOPLIST_KEY_UIApplicationSupportsIndirectInputEvents[sdk=iphonesimulator*]" = YES;
				"INFOPLIST_KEY_UILaunchScreen_Generation[sdk=iphoneos*]" = YES;
				"INFOPLIST_KEY_UILaunchScreen_Generation[sdk=iphonesimulator*]" = YES;
				"INFOPLIST_KEY_UIStatusBarStyle[sdk=iphoneos*]" = UIStatusBarStyleDefault;
				"INFOPLIST_KEY_UIStatusBarStyle[sdk=iphonesimulator*]" = UIStatusBarStyleDefault;
				INFOPLIST_KEY_UISupportedInterfaceOrientations_iPad = "UIInterfaceOrientationPortrait UIInterfaceOrientationPortraitUpsideDown UIInterfaceOrientationLandscapeLeft UIInterfaceOrientationLandscapeRight";
				INFOPLIST_KEY_UISupportedInterfaceOrientations_iPhone = "UIInterfaceOrientationPortrait UIInterfaceOrientationLandscapeLeft UIInterfaceOrientationLandscapeRight";
				IPHONEOS_DEPLOYMENT_TARGET = 16.0;
				LD_RUNPATH_SEARCH_PATHS = "@executable_path/Frameworks";
				"LD_RUNPATH_SEARCH_PATHS[sdk=macosx*]" = "@executable_path/../Frameworks";
				MACOSX_DEPLOYMENT_TARGET = 12.3;
				MARKETING_VERSION = 1.0;
				PRODUCT_BUNDLE_IDENTIFIER = "dinhonms.Learn-UI";
				PRODUCT_NAME = "$(TARGET_NAME)";
				SDKROOT = auto;
				SUPPORTED_PLATFORMS = "iphoneos iphonesimulator macosx";
				SWIFT_EMIT_LOC_STRINGS = YES;
				SWIFT_VERSION = 5.0;
				TARGETED_DEVICE_FAMILY = "1,2";
			};
			name = Release;
		};
/* End XCBuildConfiguration section */

/* Begin XCConfigurationList section */
		77AEC3CA2A3E95F500F55D97 /* Build configuration list for PBXProject "Learn UI" */ = {
			isa = XCConfigurationList;
			buildConfigurations = (
				77AEC3DC2A3E961000F55D97 /* Debug */,
				77AEC3DD2A3E961000F55D97 /* Release */,
			);
			defaultConfigurationIsVisible = 0;
			defaultConfigurationName = Release;
		};
		77AEC3DE2A3E961000F55D97 /* Build configuration list for PBXNativeTarget "Learn UI" */ = {
			isa = XCConfigurationList;
			buildConfigurations = (
				77AEC3DF2A3E961000F55D97 /* Debug */,
				77AEC3E02A3E961000F55D97 /* Release */,
			);
			defaultConfigurationIsVisible = 0;
			defaultConfigurationName = Release;
		};
/* End XCConfigurationList section */
	};
	rootObject = 77AEC3C72A3E95F500F55D97 /* Project object */;
}
